// !$*UTF8*$!
{
	archiveVersion = 1;
	classes = {
	};
	objectVersion = 50;
	objects = {

/* Begin PBXBuildFile section */
		78005CB372B391C9C50AFE94 /* Pods_SoFiSearch.framework in Frameworks */ = {isa = PBXBuildFile; fileRef = 338E5DBADB94633CA515A4EA /* Pods_SoFiSearch.framework */; };
		AD382DF222B43221001F9339 /* SearchController.swift in Sources */ = {isa = PBXBuildFile; fileRef = AD382DF122B43221001F9339 /* SearchController.swift */; };
		ADAF42D722B42AFC009BE8D8 /* AppDelegate.swift in Sources */ = {isa = PBXBuildFile; fileRef = ADAF42D622B42AFB009BE8D8 /* AppDelegate.swift */; };
		ADAF42DC22B42AFC009BE8D8 /* Main.storyboard in Resources */ = {isa = PBXBuildFile; fileRef = ADAF42DA22B42AFC009BE8D8 /* Main.storyboard */; };
		ADAF42DF22B42AFC009BE8D8 /* SoFiSearch.xcdatamodeld in Sources */ = {isa = PBXBuildFile; fileRef = ADAF42DD22B42AFC009BE8D8 /* SoFiSearch.xcdatamodeld */; };
		ADAF42E122B42B14009BE8D8 /* Assets.xcassets in Resources */ = {isa = PBXBuildFile; fileRef = ADAF42E022B42B14009BE8D8 /* Assets.xcassets */; };
		ADAF42E422B42B14009BE8D8 /* LaunchScreen.storyboard in Resources */ = {isa = PBXBuildFile; fileRef = ADAF42E222B42B14009BE8D8 /* LaunchScreen.storyboard */; };
/* End PBXBuildFile section */

/* Begin PBXFileReference section */
		2C6C5D9DA3A62A542EAF5A41 /* Pods-SoFiSearch.release.xcconfig */ = {isa = PBXFileReference; includeInIndex = 1; lastKnownFileType = text.xcconfig; name = "Pods-SoFiSearch.release.xcconfig"; path = "Pods/Target Support Files/Pods-SoFiSearch/Pods-SoFiSearch.release.xcconfig"; sourceTree = "<group>"; };
		338E5DBADB94633CA515A4EA /* Pods_SoFiSearch.framework */ = {isa = PBXFileReference; explicitFileType = wrapper.framework; includeInIndex = 0; path = Pods_SoFiSearch.framework; sourceTree = BUILT_PRODUCTS_DIR; };
		677EA6D97E176456D3A39C6D /* Pods-SoFiSearch.debug.xcconfig */ = {isa = PBXFileReference; includeInIndex = 1; lastKnownFileType = text.xcconfig; name = "Pods-SoFiSearch.debug.xcconfig"; path = "Pods/Target Support Files/Pods-SoFiSearch/Pods-SoFiSearch.debug.xcconfig"; sourceTree = "<group>"; };
		AD382DF122B43221001F9339 /* SearchController.swift */ = {isa = PBXFileReference; lastKnownFileType = sourcecode.swift; path = SearchController.swift; sourceTree = "<group>"; };
		ADAF42D322B42AFB009BE8D8 /* SoFiSearch.app */ = {isa = PBXFileReference; explicitFileType = wrapper.application; includeInIndex = 0; path = SoFiSearch.app; sourceTree = BUILT_PRODUCTS_DIR; };
		ADAF42D622B42AFB009BE8D8 /* AppDelegate.swift */ = {isa = PBXFileReference; lastKnownFileType = sourcecode.swift; path = AppDelegate.swift; sourceTree = "<group>"; };
		ADAF42DB22B42AFC009BE8D8 /* Base */ = {isa = PBXFileReference; lastKnownFileType = file.storyboard; name = Base; path = Base.lproj/Main.storyboard; sourceTree = "<group>"; };
		ADAF42DE22B42AFC009BE8D8 /* SoFiSearch.xcdatamodel */ = {isa = PBXFileReference; lastKnownFileType = wrapper.xcdatamodel; path = SoFiSearch.xcdatamodel; sourceTree = "<group>"; };
		ADAF42E022B42B14009BE8D8 /* Assets.xcassets */ = {isa = PBXFileReference; lastKnownFileType = folder.assetcatalog; path = Assets.xcassets; sourceTree = "<group>"; };
		ADAF42E322B42B14009BE8D8 /* Base */ = {isa = PBXFileReference; lastKnownFileType = file.storyboard; name = Base; path = Base.lproj/LaunchScreen.storyboard; sourceTree = "<group>"; };
		ADAF42E522B42B14009BE8D8 /* Info.plist */ = {isa = PBXFileReference; lastKnownFileType = text.plist.xml; path = Info.plist; sourceTree = "<group>"; };
/* End PBXFileReference section */

/* Begin PBXFrameworksBuildPhase section */
		ADAF42D022B42AFB009BE8D8 /* Frameworks */ = {
			isa = PBXFrameworksBuildPhase;
			buildActionMask = 2147483647;
			files = (
				78005CB372B391C9C50AFE94 /* Pods_SoFiSearch.framework in Frameworks */,
			);
			runOnlyForDeploymentPostprocessing = 0;
		};
/* End PBXFrameworksBuildPhase section */

/* Begin PBXGroup section */
		450813C39407DF5301CA3090 /* Frameworks */ = {
			isa = PBXGroup;
			children = (
				338E5DBADB94633CA515A4EA /* Pods_SoFiSearch.framework */,
			);
			name = Frameworks;
			sourceTree = "<group>";
		};
		ADAF42CA22B42AFB009BE8D8 = {
			isa = PBXGroup;
			children = (
				ADAF42D522B42AFB009BE8D8 /* SoFiSearch */,
				ADAF42D422B42AFB009BE8D8 /* Products */,
				CC2ED85833BEDF7227A4D746 /* Pods */,
				450813C39407DF5301CA3090 /* Frameworks */,
			);
			sourceTree = "<group>";
		};
		ADAF42D422B42AFB009BE8D8 /* Products */ = {
			isa = PBXGroup;
			children = (
				ADAF42D322B42AFB009BE8D8 /* SoFiSearch.app */,
			);
			name = Products;
			sourceTree = "<group>";
		};
		ADAF42D522B42AFB009BE8D8 /* SoFiSearch */ = {
			isa = PBXGroup;
			children = (
				ADAF42D622B42AFB009BE8D8 /* AppDelegate.swift */,
				ADAF42EE22B42BBA009BE8D8 /* controller */,
				ADAF42EF22B42BF3009BE8D8 /* view */,
				ADAF42ED22B42BA8009BE8D8 /* model */,
				ADAF42EB22B42B84009BE8D8 /* storyboard */,
				ADAF42EC22B42B93009BE8D8 /* Supporting Files */,
			);
			path = SoFiSearch;
			sourceTree = "<group>";
		};
		ADAF42EB22B42B84009BE8D8 /* storyboard */ = {
			isa = PBXGroup;
			children = (
				ADAF42DA22B42AFC009BE8D8 /* Main.storyboard */,
				ADAF42E222B42B14009BE8D8 /* LaunchScreen.storyboard */,
			);
			path = storyboard;
			sourceTree = "<group>";
		};
		ADAF42EC22B42B93009BE8D8 /* Supporting Files */ = {
			isa = PBXGroup;
			children = (
				ADAF42E022B42B14009BE8D8 /* Assets.xcassets */,
				ADAF42E522B42B14009BE8D8 /* Info.plist */,
			);
			path = "Supporting Files";
			sourceTree = "<group>";
		};
		ADAF42ED22B42BA8009BE8D8 /* model */ = {
			isa = PBXGroup;
			children = (
				ADAF42DD22B42AFC009BE8D8 /* SoFiSearch.xcdatamodeld */,
			);
			path = model;
			sourceTree = "<group>";
		};
		ADAF42EE22B42BBA009BE8D8 /* controller */ = {
			isa = PBXGroup;
			children = (
				AD382DF122B43221001F9339 /* SearchController.swift */,
			);
			path = controller;
			sourceTree = "<group>";
		};
		ADAF42EF22B42BF3009BE8D8 /* view */ = {
			isa = PBXGroup;
			children = (
			);
			path = view;
			sourceTree = "<group>";
		};
		CC2ED85833BEDF7227A4D746 /* Pods */ = {
			isa = PBXGroup;
			children = (
				677EA6D97E176456D3A39C6D /* Pods-SoFiSearch.debug.xcconfig */,
				2C6C5D9DA3A62A542EAF5A41 /* Pods-SoFiSearch.release.xcconfig */,
			);
			name = Pods;
			sourceTree = "<group>";
		};
/* End PBXGroup section */

/* Begin PBXNativeTarget section */
		ADAF42D222B42AFB009BE8D8 /* SoFiSearch */ = {
			isa = PBXNativeTarget;
			buildConfigurationList = ADAF42E822B42B14009BE8D8 /* Build configuration list for PBXNativeTarget "SoFiSearch" */;
			buildPhases = (
				93C8F180F036BB96750EFB7F /* [CP] Check Pods Manifest.lock */,
				ADAF42CF22B42AFB009BE8D8 /* Sources */,
				ADAF42D022B42AFB009BE8D8 /* Frameworks */,
				ADAF42D122B42AFB009BE8D8 /* Resources */,
				84C58DFB94F16A028C9E65AC /* [CP] Embed Pods Frameworks */,
			);
			buildRules = (
			);
			dependencies = (
			);
			name = SoFiSearch;
			productName = SoFiSearch;
			productReference = ADAF42D322B42AFB009BE8D8 /* SoFiSearch.app */;
			productType = "com.apple.product-type.application";
		};
/* End PBXNativeTarget section */

/* Begin PBXProject section */
		ADAF42CB22B42AFB009BE8D8 /* Project object */ = {
			isa = PBXProject;
			attributes = {
				LastSwiftUpdateCheck = 1010;
				LastUpgradeCheck = 1010;
				ORGANIZATIONNAME = "Jason Sanchez";
				TargetAttributes = {
					ADAF42D222B42AFB009BE8D8 = {
						CreatedOnToolsVersion = 10.1;
					};
				};
			};
			buildConfigurationList = ADAF42CE22B42AFB009BE8D8 /* Build configuration list for PBXProject "SoFiSearch" */;
			compatibilityVersion = "Xcode 9.3";
			developmentRegion = en;
			hasScannedForEncodings = 0;
			knownRegions = (
				en,
				Base,
			);
			mainGroup = ADAF42CA22B42AFB009BE8D8;
			productRefGroup = ADAF42D422B42AFB009BE8D8 /* Products */;
			projectDirPath = "";
			projectRoot = "";
			targets = (
				ADAF42D222B42AFB009BE8D8 /* SoFiSearch */,
			);
		};
/* End PBXProject section */

/* Begin PBXResourcesBuildPhase section */
		ADAF42D122B42AFB009BE8D8 /* Resources */ = {
			isa = PBXResourcesBuildPhase;
			buildActionMask = 2147483647;
			files = (
				ADAF42E422B42B14009BE8D8 /* LaunchScreen.storyboard in Resources */,
				ADAF42E122B42B14009BE8D8 /* Assets.xcassets in Resources */,
				ADAF42DC22B42AFC009BE8D8 /* Main.storyboard in Resources */,
			);
			runOnlyForDeploymentPostprocessing = 0;
		};
/* End PBXResourcesBuildPhase section */

/* Begin PBXShellScriptBuildPhase section */
		84C58DFB94F16A028C9E65AC /* [CP] Embed Pods Frameworks */ = {
			isa = PBXShellScriptBuildPhase;
			buildActionMask = 2147483647;
			files = (
			);
			inputPaths = (
				"${SRCROOT}/Pods/Target Support Files/Pods-SoFiSearch/Pods-SoFiSearch-frameworks.sh",
				"${BUILT_PRODUCTS_DIR}/RevealingSplashView/RevealingSplashView.framework",
			);
			name = "[CP] Embed Pods Frameworks";
			outputPaths = (
				"${TARGET_BUILD_DIR}/${FRAMEWORKS_FOLDER_PATH}/RevealingSplashView.framework",
			);
			runOnlyForDeploymentPostprocessing = 0;
			shellPath = /bin/sh;
			shellScript = "\"${SRCROOT}/Pods/Target Support Files/Pods-SoFiSearch/Pods-SoFiSearch-frameworks.sh\"\n";
			showEnvVarsInLog = 0;
		};
		93C8F180F036BB96750EFB7F /* [CP] Check Pods Manifest.lock */ = {
			isa = PBXShellScriptBuildPhase;
			buildActionMask = 2147483647;
			files = (
			);
			inputPaths = (
				"${PODS_PODFILE_DIR_PATH}/Podfile.lock",
				"${PODS_ROOT}/Manifest.lock",
			);
			name = "[CP] Check Pods Manifest.lock";
			outputPaths = (
				"$(DERIVED_FILE_DIR)/Pods-SoFiSearch-checkManifestLockResult.txt",
			);
			runOnlyForDeploymentPostprocessing = 0;
			shellPath = /bin/sh;
			shellScript = "diff \"${PODS_PODFILE_DIR_PATH}/Podfile.lock\" \"${PODS_ROOT}/Manifest.lock\" > /dev/null\nif [ $? != 0 ] ; then\n    # print error to STDERR\n    echo \"error: The sandbox is not in sync with the Podfile.lock. Run 'pod install' or update your CocoaPods installation.\" >&2\n    exit 1\nfi\n# This output is used by Xcode 'outputs' to avoid re-running this script phase.\necho \"SUCCESS\" > \"${SCRIPT_OUTPUT_FILE_0}\"\n";
			showEnvVarsInLog = 0;
		};
/* End PBXShellScriptBuildPhase section */

/* Begin PBXSourcesBuildPhase section */
		ADAF42CF22B42AFB009BE8D8 /* Sources */ = {
			isa = PBXSourcesBuildPhase;
			buildActionMask = 2147483647;
			files = (
				ADAF42D722B42AFC009BE8D8 /* AppDelegate.swift in Sources */,
				AD382DF222B43221001F9339 /* SearchController.swift in Sources */,
				ADAF42DF22B42AFC009BE8D8 /* SoFiSearch.xcdatamodeld in Sources */,
			);
			runOnlyForDeploymentPostprocessing = 0;
		};
/* End PBXSourcesBuildPhase section */

/* Begin PBXVariantGroup section */
		ADAF42DA22B42AFC009BE8D8 /* Main.storyboard */ = {
			isa = PBXVariantGroup;
			children = (
				ADAF42DB22B42AFC009BE8D8 /* Base */,
			);
			name = Main.storyboard;
			sourceTree = "<group>";
		};
		ADAF42E222B42B14009BE8D8 /* LaunchScreen.storyboard */ = {
			isa = PBXVariantGroup;
			children = (
				ADAF42E322B42B14009BE8D8 /* Base */,
			);
			name = LaunchScreen.storyboard;
			sourceTree = "<group>";
		};
/* End PBXVariantGroup section */

/* Begin XCBuildConfiguration section */
		ADAF42E622B42B14009BE8D8 /* Debug */ = {
			isa = XCBuildConfiguration;
			buildSettings = {
				ALWAYS_SEARCH_USER_PATHS = NO;
				CLANG_ANALYZER_NONNULL = YES;
				CLANG_ANALYZER_NUMBER_OBJECT_CONVERSION = YES_AGGRESSIVE;
				CLANG_CXX_LANGUAGE_STANDARD = "gnu++14";
				CLANG_CXX_LIBRARY = "libc++";
				CLANG_ENABLE_MODULES = YES;
				CLANG_ENABLE_OBJC_ARC = YES;
				CLANG_ENABLE_OBJC_WEAK = YES;
				CLANG_WARN_BLOCK_CAPTURE_AUTORELEASING = YES;
				CLANG_WARN_BOOL_CONVERSION = YES;
				CLANG_WARN_COMMA = YES;
				CLANG_WARN_CONSTANT_CONVERSION = YES;
				CLANG_WARN_DEPRECATED_OBJC_IMPLEMENTATIONS = YES;
				CLANG_WARN_DIRECT_OBJC_ISA_USAGE = YES_ERROR;
				CLANG_WARN_DOCUMENTATION_COMMENTS = YES;
				CLANG_WARN_EMPTY_BODY = YES;
				CLANG_WARN_ENUM_CONVERSION = YES;
				CLANG_WARN_INFINITE_RECURSION = YES;
				CLANG_WARN_INT_CONVERSION = YES;
				CLANG_WARN_NON_LITERAL_NULL_CONVERSION = YES;
				CLANG_WARN_OBJC_IMPLICIT_RETAIN_SELF = YES;
				CLANG_WARN_OBJC_LITERAL_CONVERSION = YES;
				CLANG_WARN_OBJC_ROOT_CLASS = YES_ERROR;
				CLANG_WARN_RANGE_LOOP_ANALYSIS = YES;
				CLANG_WARN_STRICT_PROTOTYPES = YES;
				CLANG_WARN_SUSPICIOUS_MOVE = YES;
				CLANG_WARN_UNGUARDED_AVAILABILITY = YES_AGGRESSIVE;
				CLANG_WARN_UNREACHABLE_CODE = YES;
				CLANG_WARN__DUPLICATE_METHOD_MATCH = YES;
				CODE_SIGN_IDENTITY = "iPhone Developer";
				COPY_PHASE_STRIP = NO;
				DEBUG_INFORMATION_FORMAT = dwarf;
				ENABLE_STRICT_OBJC_MSGSEND = YES;
				ENABLE_TESTABILITY = YES;
				GCC_C_LANGUAGE_STANDARD = gnu11;
				GCC_DYNAMIC_NO_PIC = NO;
				GCC_NO_COMMON_BLOCKS = YES;
				GCC_OPTIMIZATION_LEVEL = 0;
				GCC_PREPROCESSOR_DEFINITIONS = (
					"DEBUG=1",
					"$(inherited)",
				);
				GCC_WARN_64_TO_32_BIT_CONVERSION = YES;
				GCC_WARN_ABOUT_RETURN_TYPE = YES_ERROR;
				GCC_WARN_UNDECLARED_SELECTOR = YES;
				GCC_WARN_UNINITIALIZED_AUTOS = YES_AGGRESSIVE;
				GCC_WARN_UNUSED_FUNCTION = YES;
				GCC_WARN_UNUSED_VARIABLE = YES;
				IPHONEOS_DEPLOYMENT_TARGET = 12.1;
				MTL_ENABLE_DEBUG_INFO = INCLUDE_SOURCE;
				MTL_FAST_MATH = YES;
				ONLY_ACTIVE_ARCH = YES;
				SDKROOT = iphoneos;
				SWIFT_ACTIVE_COMPILATION_CONDITIONS = DEBUG;
				SWIFT_OPTIMIZATION_LEVEL = "-Onone";
			};
			name = Debug;
		};
		ADAF42E722B42B14009BE8D8 /* Release */ = {
			isa = XCBuildConfiguration;
			buildSettings = {
				ALWAYS_SEARCH_USER_PATHS = NO;
				CLANG_ANALYZER_NONNULL = YES;
				CLANG_ANALYZER_NUMBER_OBJECT_CONVERSION = YES_AGGRESSIVE;
				CLANG_CXX_LANGUAGE_STANDARD = "gnu++14";
				CLANG_CXX_LIBRARY = "libc++";
				CLANG_ENABLE_MODULES = YES;
				CLANG_ENABLE_OBJC_ARC = YES;
				CLANG_ENABLE_OBJC_WEAK = YES;
				CLANG_WARN_BLOCK_CAPTURE_AUTORELEASING = YES;
				CLANG_WARN_BOOL_CONVERSION = YES;
				CLANG_WARN_COMMA = YES;
				CLANG_WARN_CONSTANT_CONVERSION = YES;
				CLANG_WARN_DEPRECATED_OBJC_IMPLEMENTATIONS = YES;
				CLANG_WARN_DIRECT_OBJC_ISA_USAGE = YES_ERROR;
				CLANG_WARN_DOCUMENTATION_COMMENTS = YES;
				CLANG_WARN_EMPTY_BODY = YES;
				CLANG_WARN_ENUM_CONVERSION = YES;
				CLANG_WARN_INFINITE_RECURSION = YES;
				CLANG_WARN_INT_CONVERSION = YES;
				CLANG_WARN_NON_LITERAL_NULL_CONVERSION = YES;
				CLANG_WARN_OBJC_IMPLICIT_RETAIN_SELF = YES;
				CLANG_WARN_OBJC_LITERAL_CONVERSION = YES;
				CLANG_WARN_OBJC_ROOT_CLASS = YES_ERROR;
				CLANG_WARN_RANGE_LOOP_ANALYSIS = YES;
				CLANG_WARN_STRICT_PROTOTYPES = YES;
				CLANG_WARN_SUSPICIOUS_MOVE = YES;
				CLANG_WARN_UNGUARDED_AVAILABILITY = YES_AGGRESSIVE;
				CLANG_WARN_UNREACHABLE_CODE = YES;
				CLANG_WARN__DUPLICATE_METHOD_MATCH = YES;
				CODE_SIGN_IDENTITY = "iPhone Developer";
				COPY_PHASE_STRIP = NO;
				DEBUG_INFORMATION_FORMAT = "dwarf-with-dsym";
				ENABLE_NS_ASSERTIONS = NO;
				ENABLE_STRICT_OBJC_MSGSEND = YES;
				GCC_C_LANGUAGE_STANDARD = gnu11;
				GCC_NO_COMMON_BLOCKS = YES;
				GCC_WARN_64_TO_32_BIT_CONVERSION = YES;
				GCC_WARN_ABOUT_RETURN_TYPE = YES_ERROR;
				GCC_WARN_UNDECLARED_SELECTOR = YES;
				GCC_WARN_UNINITIALIZED_AUTOS = YES_AGGRESSIVE;
				GCC_WARN_UNUSED_FUNCTION = YES;
				GCC_WARN_UNUSED_VARIABLE = YES;
				IPHONEOS_DEPLOYMENT_TARGET = 12.1;
				MTL_ENABLE_DEBUG_INFO = NO;
				MTL_FAST_MATH = YES;
				SDKROOT = iphoneos;
				SWIFT_COMPILATION_MODE = wholemodule;
				SWIFT_OPTIMIZATION_LEVEL = "-O";
				VALIDATE_PRODUCT = YES;
			};
			name = Release;
		};
		ADAF42E922B42B14009BE8D8 /* Debug */ = {
			isa = XCBuildConfiguration;
			baseConfigurationReference = 677EA6D97E176456D3A39C6D /* Pods-SoFiSearch.debug.xcconfig */;
			buildSettings = {
				ASSETCATALOG_COMPILER_APPICON_NAME = AppIcon;
				CODE_SIGN_STYLE = Automatic;
				DEVELOPMENT_TEAM = 6D9CKTK39V;
				INFOPLIST_FILE = "$(SRCROOT)/SoFiSearch/Supporting Files/Info.plist";
				LD_RUNPATH_SEARCH_PATHS = (
					"$(inherited)",
					"@executable_path/Frameworks",
				);
				PRODUCT_BUNDLE_IDENTIFIER = com.trvl.SoFiSearch;
				PRODUCT_NAME = "$(TARGET_NAME)";
				SWIFT_VERSION = 4.2;
				TARGETED_DEVICE_FAMILY = "1,2";
			};
			name = Debug;
		};
		ADAF42EA22B42B14009BE8D8 /* Release */ = {
			isa = XCBuildConfiguration;
			baseConfigurationReference = 2C6C5D9DA3A62A542EAF5A41 /* Pods-SoFiSearch.release.xcconfig */;
			buildSettings = {
				ASSETCATALOG_COMPILER_APPICON_NAME = AppIcon;
				CODE_SIGN_STYLE = Automatic;
				DEVELOPMENT_TEAM = 6D9CKTK39V;
				INFOPLIST_FILE = "$(SRCROOT)/SoFiSearch/Supporting Files/Info.plist";
				LD_RUNPATH_SEARCH_PATHS = (
					"$(inherited)",
					"@executable_path/Frameworks",
				);
				PRODUCT_BUNDLE_IDENTIFIER = com.trvl.SoFiSearch;
				PRODUCT_NAME = "$(TARGET_NAME)";
				SWIFT_VERSION = 4.2;
				TARGETED_DEVICE_FAMILY = "1,2";
			};
			name = Release;
		};
/* End XCBuildConfiguration section */

/* Begin XCConfigurationList section */
		ADAF42CE22B42AFB009BE8D8 /* Build configuration list for PBXProject "SoFiSearch" */ = {
			isa = XCConfigurationList;
			buildConfigurations = (
				ADAF42E622B42B14009BE8D8 /* Debug */,
				ADAF42E722B42B14009BE8D8 /* Release */,
			);
			defaultConfigurationIsVisible = 0;
			defaultConfigurationName = Release;
		};
		ADAF42E822B42B14009BE8D8 /* Build configuration list for PBXNativeTarget "SoFiSearch" */ = {
			isa = XCConfigurationList;
			buildConfigurations = (
				ADAF42E922B42B14009BE8D8 /* Debug */,
				ADAF42EA22B42B14009BE8D8 /* Release */,
			);
			defaultConfigurationIsVisible = 0;
			defaultConfigurationName = Release;
		};
/* End XCConfigurationList section */

/* Begin XCVersionGroup section */
		ADAF42DD22B42AFC009BE8D8 /* SoFiSearch.xcdatamodeld */ = {
			isa = XCVersionGroup;
			children = (
				ADAF42DE22B42AFC009BE8D8 /* SoFiSearch.xcdatamodel */,
			);
			currentVersion = ADAF42DE22B42AFC009BE8D8 /* SoFiSearch.xcdatamodel */;
			path = SoFiSearch.xcdatamodeld;
			sourceTree = "<group>";
			versionGroupType = wrapper.xcdatamodel;
		};
/* End XCVersionGroup section */
	};
	rootObject = ADAF42CB22B42AFB009BE8D8 /* Project object */;
}
